Microsoft Visual Studio Solution File, Format Version 12.00
# Visual Studio Version 17
VisualStudioVersion = 17.0.31903.59
MinimumVisualStudioVersion = 10.0.40219.1
Project("{FAE04EC0-301F-11D3-BF4B-00C04F79EFBC}") = "Harness.Api", "src\Harness.Api\Harness.Api.csproj", "{A1000000-0000-4000-8000-000000000001}"
EndProject
Project("{FAE04EC0-301F-11D3-BF4B-00C04F79EFBC}") = "Harness.BuildingBlocks.Domain", "src\Harness.BuildingBlocks.Domain\Harness.BuildingBlocks.Domain.csproj", "{A1000000-0000-4000-8000-000000000002}"
EndProject
Project("{FAE04EC0-301F-11D3-BF4B-00C04F79EFBC}") = "Harness.BuildingBlocks.Application", "src\Harness.BuildingBlocks.Application\Harness.BuildingBlocks.Application.csproj", "{A1000000-0000-4000-8000-000000000003}"
EndProject
Project("{FAE04EC0-301F-11D3-BF4B-00C04F79EFBC}") = "Harness.BuildingBlocks.Infrastructure", "src\Harness.BuildingBlocks.Infrastructure\Harness.BuildingBlocks.Infrastructure.csproj", "{A1000000-0000-4000-8000-000000000004}"
EndProject
Project("{FAE04EC0-301F-11D3-BF4B-00C04F79EFBC}") = "Harness.BuildingBlocks.Presentation", "src\Harness.BuildingBlocks.Presentation\Harness.BuildingBlocks.Presentation.csproj", "{A1000000-0000-4000-8000-000000000005}"
EndProject
Project("{FAE04EC0-301F-11D3-BF4B-00C04F79EFBC}") = "Harness.Modules.Catalog", "src\Harness.Modules.Catalog\Harness.Modules.Catalog.csproj", "{A1000000-0000-4000-8000-000000000006}"
EndProject
Project("{FAE04EC0-301F-11D3-BF4B-00C04F79EFBC}") = "Harness.Modules.Order", "src\Harness.Modules.Order\Harness.Modules.Order.csproj", "{A1000000-0000-4000-8000-000000000007}"
EndProject
Project("{FAE04EC0-301F-11D3-BF4B-00C04F79EFBC}") = "Harness.Modules.Inventory", "src\Harness.Modules.Inventory\Harness.Modules.Inventory.csproj", "{A1000000-0000-4000-8000-000000000008}"
EndProject
Project("{FAE04EC0-301F-11D3-BF4B-00C04F79EFBC}") = "Harness.Modules.Customer", "src\Harness.Modules.Customer\Harness.Modules.Customer.csproj", "{A1000000-0000-4000-8000-000000000009}"
EndProject
Project("{FAE04EC0-301F-11D3-BF4B-00C04F79EFBC}") = "Harness.Modules.Promotion", "src\Harness.Modules.Promotion\Harness.Modules.Promotion.csproj", "{A1000000-0000-4000-8000-00000000000A}"
EndProject
Project("{FAE04EC0-301F-11D3-BF4B-00C04F79EFBC}") = "Harness.Modules.Payment", "src\Harness.Modules.Payment\Harness.Modules.Payment.csproj", "{A1000000-0000-4000-8000-00000000000B}"
EndProject
Project("{FAE04EC0-301F-11D3-BF4B-00C04F79EFBC}") = "Harness.Modules.Shipping", "src\Harness.Modules.Shipping\Harness.Modules.Shipping.csproj", "{A1000000-0000-4000-8000-00000000000C}"
EndProject
Project("{FAE04EC0-301F-11D3-BF4B-00C04F79EFBC}") = "Harness.Modules.Loyalty", "src\Harness.Modules.Loyalty\Harness.Modules.Loyalty.csproj", "{A1000000-0000-4000-8000-00000000000D}"
EndProject
Project("{FAE04EC0-301F-11D3-BF4B-00C04F79EFBC}") = "Harness.Modules.Review", "src\Harness.Modules.Review\Harness.Modules.Review.csproj", "{A1000000-0000-4000-8000-00000000000E}"
EndProject
Project("{FAE04EC0-301F-11D3-BF4B-00C04F79EFBC}") = "Harness.Modules.Cms", "src\Harness.Modules.Cms\Harness.Modules.Cms.csproj", "{A1000000-0000-4000-8000-00000000000F}"
EndProject
Project("{FAE04EC0-301F-11D3-BF4B-00C04F79EFBC}") = "Harness.Modules.Integration", "src\Harness.Modules.Integration\Harness.Modules.Integration.csproj", "{A1000000-0000-4000-8000-000000000010}"
EndProject
Project("{FAE04EC0-301F-11D3-BF4B-00C04F79EFBC}") = "Harness.UnitTests", "tests\Harness.UnitTests\Harness.UnitTests.csproj", "{A1000000-0000-4000-8000-000000000011}"
EndProject
Project("{FAE04EC0-301F-11D3-BF4B-00C04F79EFBC}") = "Harness.IntegrationTests", "tests\Harness.IntegrationTests\Harness.IntegrationTests.csproj", "{A1000000-0000-4000-8000-000000000012}"
EndProject
Project("{FAE04EC0-301F-11D3-BF4B-00C04F79EFBC}") = "Harness.Modules.Organization", "src\Harness.Modules.Organization\Harness.Modules.Organization.csproj", "{A1000000-0000-4000-8000-000000000013}"
EndProject
Global
	GlobalSection(SolutionConfigurationPlatforms) = preSolution
		Debug|Any CPU = Debug|Any CPU
		Release|Any CPU = Release|Any CPU
	EndGlobalSection
	GlobalSection(ProjectConfigurationPlatforms) = postSolution
		{A1000000-0000-4000-8000-000000000001}.Debug|Any CPU.ActiveCfg = Debug|Any CPU
		{A1000000-0000-4000-8000-000000000001}.Debug|Any CPU.Build.0 = Debug|Any CPU
		{A1000000-0000-4000-8000-000000000001}.Release|Any CPU.ActiveCfg = Release|Any CPU
		{A1000000-0000-4000-8000-000000000001}.Release|Any CPU.Build.0 = Release|Any CPU
		{A1000000-0000-4000-8000-000000000002}.Debug|Any CPU.ActiveCfg = Debug|Any CPU
		{A1000000-0000-4000-8000-000000000002}.Debug|Any CPU.Build.0 = Debug|Any CPU
		{A1000000-0000-4000-8000-000000000002}.Release|Any CPU.ActiveCfg = Release|Any CPU
		{A1000000-0000-4000-8000-000000000002}.Release|Any CPU.Build.0 = Release|Any CPU
		{A1000000-0000-4000-8000-000000000003}.Debug|Any CPU.ActiveCfg = Debug|Any CPU
		{A1000000-0000-4000-8000-000000000003}.Debug|Any CPU.Build.0 = Debug|Any CPU
		{A1000000-0000-4000-8000-000000000003}.Release|Any CPU.ActiveCfg = Release|Any CPU
		{A1000000-0000-4000-8000-000000000003}.Release|Any CPU.Build.0 = Release|Any CPU
		{A1000000-0000-4000-8000-000000000004}.Debug|Any CPU.ActiveCfg = Debug|Any CPU
		{A1000000-0000-4000-8000-000000000004}.Debug|Any CPU.Build.0 = Debug|Any CPU
		{A1000000-0000-4000-8000-000000000004}.Release|Any CPU.ActiveCfg = Release|Any CPU
		{A1000000-0000-4000-8000-000000000004}.Release|Any CPU.Build.0 = Release|Any CPU
		{A1000000-0000-4000-8000-000000000005}.Debug|Any CPU.ActiveCfg = Debug|Any CPU
		{A1000000-0000-4000-8000-000000000005}.Debug|Any CPU.Build.0 = Debug|Any CPU
		{A1000000-0000-4000-8000-000000000005}.Release|Any CPU.ActiveCfg = Release|Any CPU
		{A1000000-0000-4000-8000-000000000005}.Release|Any CPU.Build.0 = Release|Any CPU
		{A1000000-0000-4000-8000-000000000006}.Debug|Any CPU.ActiveCfg = Debug|Any CPU
		{A1000000-0000-4000-8000-000000000006}.Debug|Any CPU.Build.0 = Debug|Any CPU
		{A1000000-0000-4000-8000-000000000006}.Release|Any CPU.ActiveCfg = Release|Any CPU
		{A1000000-0000-4000-8000-000000000006}.Release|Any CPU.Build.0 = Release|Any CPU
		{A1000000-0000-4000-8000-000000000007}.Debug|Any CPU.ActiveCfg = Debug|Any CPU
		{A1000000-0000-4000-8000-000000000007}.Debug|Any CPU.Build.0 = Debug|Any CPU
		{A1000000-0000-4000-8000-000000000007}.Release|Any CPU.ActiveCfg = Release|Any CPU
		{A1000000-0000-4000-8000-000000000007}.Release|Any CPU.Build.0 = Release|Any CPU
		{A1000000-0000-4000-8000-000000000008}.Debug|Any CPU.ActiveCfg = Debug|Any CPU
		{A1000000-0000-4000-8000-000000000008}.Debug|Any CPU.Build.0 = Debug|Any CPU
		{A1000000-0000-4000-8000-000000000008}.Release|Any CPU.ActiveCfg = Release|Any CPU
		{A1000000-0000-4000-8000-000000000008}.Release|Any CPU.Build.0 = Release|Any CPU
		{A1000000-0000-4000-8000-000000000009}.Debug|Any CPU.ActiveCfg = Debug|Any CPU
		{A1000000-0000-4000-8000-000000000009}.Debug|Any CPU.Build.0 = Debug|Any CPU
		{A1000000-0000-4000-8000-000000000009}.Release|Any CPU.ActiveCfg = Release|Any CPU
		{A1000000-0000-4000-8000-000000000009}.Release|Any CPU.Build.0 = Release|Any CPU
		{A1000000-0000-4000-8000-00000000000A}.Debug|Any CPU.ActiveCfg = Debug|Any CPU
		{A1000000-0000-4000-8000-00000000000A}.Debug|Any CPU.Build.0 = Debug|Any CPU
		{A1000000-0000-4000-8000-00000000000A}.Release|Any CPU.ActiveCfg = Release|Any CPU
		{A1000000-0000-4000-8000-00000000000A}.Release|Any CPU.Build.0 = Release|Any CPU
		{A1000000-0000-4000-8000-00000000000B}.Debug|Any CPU.ActiveCfg = Debug|Any CPU
		{A1000000-0000-4000-8000-00000000000B}.Debug|Any CPU.Build.0 = Debug|Any CPU
		{A1000000-0000-4000-8000-00000000000B}.Release|Any CPU.ActiveCfg = Release|Any CPU
		{A1000000-0000-4000-8000-00000000000B}.Release|Any CPU.Build.0 = Release|Any CPU
		{A1000000-0000-4000-8000-00000000000C}.Debug|Any CPU.ActiveCfg = Debug|Any CPU
		{A1000000-0000-4000-8000-00000000000C}.Debug|Any CPU.Build.0 = Debug|Any CPU
		{A1000000-0000-4000-8000-00000000000C}.Release|Any CPU.ActiveCfg = Release|Any CPU
		{A1000000-0000-4000-8000-00000000000C}.Release|Any CPU.Build.0 = Release|Any CPU
		{A1000000-0000-4000-8000-00000000000D}.Debug|Any CPU.ActiveCfg = Debug|Any CPU
		{A1000000-0000-4000-8000-00000000000D}.Debug|Any CPU.Build.0 = Debug|Any CPU
		{A1000000-0000-4000-8000-00000000000D}.Release|Any CPU.ActiveCfg = Release|Any CPU
		{A1000000-0000-4000-8000-00000000000D}.Release|Any CPU.Build.0 = Release|Any CPU
		{A1000000-0000-4000-8000-00000000000E}.Debug|Any CPU.ActiveCfg = Debug|Any CPU
		{A1000000-0000-4000-8000-00000000000E}.Debug|Any CPU.Build.0 = Debug|Any CPU
		{A1000000-0000-4000-8000-00000000000E}.Release|Any CPU.ActiveCfg = Release|Any CPU
		{A1000000-0000-4000-8000-00000000000E}.Release|Any CPU.Build.0 = Release|Any CPU
		{A1000000-0000-4000-8000-00000000000F}.Debug|Any CPU.ActiveCfg = Debug|Any CPU
		{A1000000-0000-4000-8000-00000000000F}.Debug|Any CPU.Build.0 = Debug|Any CPU
		{A1000000-0000-4000-8000-00000000000F}.Release|Any CPU.ActiveCfg = Release|Any CPU
		{A1000000-0000-4000-8000-00000000000F}.Release|Any CPU.Build.0 = Release|Any CPU
		{A1000000-0000-4000-8000-000000000010}.Debug|Any CPU.ActiveCfg = Debug|Any CPU
		{A1000000-0000-4000-8000-000000000010}.Debug|Any CPU.Build.0 = Debug|Any CPU
		{A1000000-0000-4000-8000-000000000010}.Release|Any CPU.ActiveCfg = Release|Any CPU
		{A1000000-0000-4000-8000-000000000010}.Release|Any CPU.Build.0 = Release|Any CPU
		{A1000000-0000-4000-8000-000000000011}.Debug|Any CPU.ActiveCfg = Debug|Any CPU
		{A1000000-0000-4000-8000-000000000011}.Debug|Any CPU.Build.0 = Debug|Any CPU
		{A1000000-0000-4000-8000-000000000011}.Release|Any CPU.ActiveCfg = Release|Any CPU
		{A1000000-0000-4000-8000-000000000011}.Release|Any CPU.Build.0 = Release|Any CPU
		{A1000000-0000-4000-8000-000000000012}.Debug|Any CPU.ActiveCfg = Debug|Any CPU
		{A1000000-0000-4000-8000-000000000012}.Debug|Any CPU.Build.0 = Debug|Any CPU
		{A1000000-0000-4000-8000-000000000012}.Release|Any CPU.ActiveCfg = Release|Any CPU
		{A1000000-0000-4000-8000-000000000012}.Release|Any CPU.Build.0 = Release|Any CPU
	EndGlobalSection
	GlobalSection(SolutionProperties) = preSolution
		HideSolutionNode = FALSE
	EndGlobalSection
EndGlobal
